{
    "_readme": [
        "This file locks the dependencies of your project to a known state",
        "Read more about it at https://getcomposer.org/doc/01-basic-usage.md#composer-lock-the-lock-file",
        "This file is @generated automatically"
    ],
    "hash": "c46b2b2bd3700fd27584ebfe34e5b7f3",
    "content-hash": "c20a44ca0dd3d64dab4d6ac50931ebf5",
    "packages": [
        {
            "name": "fzaninotto/faker",
            "version": "v1.6.0",
            "source": {
                "type": "git",
                "url": "https://github.com/fzaninotto/Faker.git",
                "reference": "44f9a286a04b80c76a4e5fb7aad8bb539b920123"
            },
            "dist": {
                "type": "zip",
                "url": "https://api.github.com/repos/fzaninotto/Faker/zipball/44f9a286a04b80c76a4e5fb7aad8bb539b920123",
                "reference": "44f9a286a04b80c76a4e5fb7aad8bb539b920123",
                "shasum": ""
            },
            "require": {
                "php": "^5.3.3|^7.0"
            },
            "require-dev": {
                "ext-intl": "*",
                "phpunit/phpunit": "~4.0",
                "squizlabs/php_codesniffer": "~1.5"
            },
            "type": "library",
            "extra": {
                "branch-alias": []
            },
            "autoload": {
                "psr-4": {
                    "Faker\\": "src/Faker/"
                }
            },
            "notification-url": "https://packagist.org/downloads/",
            "license": [
                "MIT"
            ],
            "authors": [
                {
                    "name": "François Zaninotto"
                }
            ],
            "description": "Faker is a PHP library that generates fake data for you.",
            "keywords": [
                "data",
                "faker",
                "fixtures"
            ],
            "time": "2016-04-29 12:21:54"
        },
        {
            "name": "scissorhands/ci-utilities",
            "version": "1.1.2",
            "source": {
                "type": "git",
                "url": "https://github.com/scissorhands/ci-utilities.git",
                "reference": "1d114baae21ec283d9221f6ced50b1ed9c6aa7e3"
            },
            "dist": {
                "type": "zip",
                "url": "https://api.github.com/repos/scissorhands/ci-utilities/zipball/1d114baae21ec283d9221f6ced50b1ed9c6aa7e3",
                "reference": "1d114baae21ec283d9221f6ced50b1ed9c6aa7e3",
                "shasum": ""
            },
            "require": {
                "php": "^5.5|^7.0"
            },
            "type": "library",
            "notification-url": "https://packagist.org/downloads/",
            "license": [
                "MIT"
            ],
            "authors": [
                {
                    "name": "Edward Scissorhands",
                    "email": "edward_beats@hotmail.com"
                }
            ],
            "description": "Some utilities to work on CodeIgniter Framework",
            "time": "2017-02-13 18:42:24"
        }
    ],
    "packages-dev": [],
    "aliases": [],
    "minimum-stability": "dev",
    "stability-flags": [],
    "prefer-stable": false,
    "prefer-lowest": false,
    "platform": [],
    "platform-dev": []
}
