{
    "_readme": [
        "This file locks the dependencies of your project to a known state",
        "Read more about it at https://getcomposer.org/doc/01-basic-usage.md#composer-lock-the-lock-file",
        "This file is @generated automatically"
    ],
    "hash": "b2ec94353b152dadf3b8dfdc3d1a50a7",
    "content-hash": "8e5a5df1a39a6897a117e11066945137",
    "packages": [
        {
            "name": "fzaninotto/faker",
            "version": "dev-master",
            "source": {
                "type": "git",
                "url": "https://github.com/fzaninotto/Faker.git",
                "reference": "a2dec96198bb146ffead806700074b0ec8d07f2f"
            },
            "dist": {
                "type": "zip",
                "url": "https://api.github.com/repos/fzaninotto/Faker/zipball/a2dec96198bb146ffead806700074b0ec8d07f2f",
                "reference": "a2dec96198bb146ffead806700074b0ec8d07f2f",
                "shasum": ""
            },
            "require": {
                "php": "^5.3.3|^7.0"
            },
            "require-dev": {
                "ext-intl": "*",
                "phpunit/phpunit": "~4.0",
                "squizlabs/php_codesniffer": "~1.5"
            },
            "type": "library",
            "extra": {
                "branch-alias": {
                    "dev-master": "1.6.x-dev"
                }
            },
            "autoload": {
                "psr-4": {
                    "Faker\\": "src/Faker/"
                }
            },
            "notification-url": "https://packagist.org/downloads/",
            "license": [
                "MIT"
            ],
            "authors": [
                {
                    "name": "François Zaninotto"
                }
            ],
            "description": "Faker is a PHP library that generates fake data for you.",
            "keywords": [
                "data",
                "faker",
                "fixtures"
            ],
            "time": "2017-02-01 09:18:35"
        },
        {
            "name": "scissorhands/ci-utilities",
            "version": "1.1.1",
            "source": {
                "type": "git",
                "url": "https://github.com/scissorhands/ci-utilities.git",
                "reference": "a9972a5a268e2445f8db2a968f0e63b6ef1ffe59"
            },
            "dist": {
                "type": "zip",
                "url": "https://api.github.com/repos/scissorhands/ci-utilities/zipball/a9972a5a268e2445f8db2a968f0e63b6ef1ffe59",
                "reference": "a9972a5a268e2445f8db2a968f0e63b6ef1ffe59",
                "shasum": ""
            },
            "require": {
                "php": "^5.5|^7.0"
            },
            "type": "library",
            "notification-url": "https://packagist.org/downloads/",
            "license": [
                "MIT"
            ],
            "authors": [
                {
                    "name": "Edward Scissorhands",
                    "email": "edward_beats@hotmail.com"
                }
            ],
            "description": "Some utilities to work on CodeIgniter Framework",
            "time": "2017-02-10 23:35:11"
        }
    ],
    "packages-dev": [],
    "aliases": [],
    "minimum-stability": "dev",
    "stability-flags": [],
    "prefer-stable": false,
    "prefer-lowest": false,
    "platform": [],
    "platform-dev": []
}
